
Microsoft Visual Studio Solution File, Format Version 12.00
# Visual Studio Version 16
VisualStudioVersion = 16.0.29324.140
MinimumVisualStudioVersion = 10.0.40219.1
Project("{FAE04EC0-301F-11D3-BF4B-00C04F79EFBC}") = "Sundown", "Sundown\Sundown.csproj", "{E2E7A249-717A-4D53-84BB-B2FD4B07BB0C}"
EndProject
Global
	GlobalSection(SolutionConfigurationPlatforms) = preSolution
		Debug|Any CPU = Debug|Any CPU
		Release|Any CPU = Release|Any CPU
	EndGlobalSection
	GlobalSection(ProjectConfigurationPlatforms) = postSolution
		{E2E7A249-717A-4D53-84BB-B2FD4B07BB0C}.Debug|Any CPU.ActiveCfg = Debug|Any CPU
		{E2E7A249-717A-4D53-84BB-B2FD4B07BB0C}.Debug|Any CPU.Build.0 = Debug|Any CPU
		{E2E7A249-717A-4D53-84BB-B2FD4B07BB0C}.Release|Any CPU.ActiveCfg = Release|Any CPU
		{E2E7A249-717A-4D53-84BB-B2FD4B07BB0C}.Release|Any CPU.Build.0 = Release|Any CPU
	EndGlobalSection
	GlobalSection(SolutionProperties) = preSolution
		HideSolutionNode = FALSE
	EndGlobalSection
	GlobalSection(ExtensibilityGlobals) = postSolution
		SolutionGuid = {277A65A6-325A-4E15-9409-51FD46DDF045}
	EndGlobalSection
EndGlobal
